# @generated by Move, please check-in and do not edit manually.

[move]
version = 3
manifest_digest = "45E940310B3B4163736ACB8AF8791F482865130C86144D79FA487E1A0427EFAA"
deps_digest = "F8BBB0CCB2491CA29A3DF03D6F92277A4F3574266507ACD77214D37ECA3F3082"
dependencies = [
  { id = "Sui", name = "Sui" },
]

[[move.package]]
id = "MoveStdlib"
source = { git = "https://github.com/MystenLabs/sui.git", rev = "framework/testnet", subdir = "crates/sui-framework/packages/move-stdlib" }

[[move.package]]
id = "Sui"
source = { git = "https://github.com/MystenLabs/sui.git", rev = "framework/testnet", subdir = "crates/sui-framework/packages/sui-framework" }

dependencies = [
  { id = "MoveStdlib", name = "MoveStdlib" },
]

[move.toolchain-version]
compiler-version = "1.41.1"
edition = "2024.beta"
flavor = "sui"

[env]

[env.testnet]
chain-id = "4c78adac"
original-published-id = "0xbd63a2bf7a52f4169cb731ecd83c7d98a8ca9fc2bdf63e4b414fe3e5ef555b0d"
latest-published-id = "0xbd63a2bf7a52f4169cb731ecd83c7d98a8ca9fc2bdf63e4b414fe3e5ef555b0d"
published-version = "1"
